{
    "_readme": [
        "This file locks the dependencies of your project to a known state",
        "Read more about it at https://getcomposer.org/doc/01-basic-usage.md#installing-dependencies",
        "This file is @generated automatically"
    ],
    "content-hash": "de71b2cd86476ea035ae2d06ce3a9207",
    "packages": [
        {
            "name": "netresearch/jsonmapper",
            "version": "v4.0.0",
            "source": {
                "type": "git",
                "url": "https://github.com/cweiske/jsonmapper.git",
                "reference": "8bbc021a8edb2e4a7ea2f8ad4fa9ec9dce2fcb8d"
            },
            "dist": {
                "type": "zip",
                "url": "https://api.github.com/repos/cweiske/jsonmapper/zipball/8bbc021a8edb2e4a7ea2f8ad4fa9ec9dce2fcb8d",
                "reference": "8bbc021a8edb2e4a7ea2f8ad4fa9ec9dce2fcb8d",
                "shasum": ""
            },
            "require": {
                "ext-json": "*",
                "ext-pcre": "*",
                "ext-reflection": "*",
                "ext-spl": "*",
                "php": ">=7.1"
            },
            "require-dev": {
                "phpunit/phpunit": "~7.5 || ~8.0 || ~9.0",
                "squizlabs/php_codesniffer": "~3.5"
            },
            "type": "library",
            "autoload": {
                "psr-0": {
                    "JsonMapper": "src/"
                }
            },
            "notification-url": "https://packagist.org/downloads/",
            "license": [
                "OSL-3.0"
            ],
            "authors": [
                {
                    "name": "Christian Weiske",
                    "email": "cweiske@cweiske.de",
                    "homepage": "http://github.com/cweiske/jsonmapper/",
                    "role": "Developer"
                }
            ],
            "description": "Map nested JSON structures onto PHP classes",
            "support": {
                "email": "cweiske@cweiske.de",
                "issues": "https://github.com/cweiske/jsonmapper/issues",
                "source": "https://github.com/cweiske/jsonmapper/tree/v4.0.0"
            },
            "time": "2020-12-01T19:48:11+00:00"
        }
    ],
    "packages-dev": [],
    "aliases": [],
    "minimum-stability": "stable",
    "stability-flags": [],
    "prefer-stable": false,
    "prefer-lowest": false,
    "platform": {
        "ext-json": "*",
        "ext-curl": "*"
    },
    "platform-dev": [],
    "plugin-api-version": "2.2.0"
}
